
Microsoft Visual Studio Solution File, Format Version 12.00
# Visual Studio Version 16
VisualStudioVersion = 16.0.29230.47
MinimumVisualStudioVersion = 10.0.40219.1
Project("{FAE04EC0-301F-11D3-BF4B-00C04F79EFBC}") = "GenericPoint", "GenericPoint.csproj", "{A96C353E-FF45-4189-9205-DF171665AD7B}"
EndProject
Global
	GlobalSection(SolutionConfigurationPlatforms) = preSolution
		Debug|Any CPU = Debug|Any CPU
		Release|Any CPU = Release|Any CPU
	EndGlobalSection
	GlobalSection(ProjectConfigurationPlatforms) = postSolution
		{A96C353E-FF45-4189-9205-DF171665AD7B}.Debug|Any CPU.ActiveCfg = Debug|Any CPU
		{A96C353E-FF45-4189-9205-DF171665AD7B}.Debug|Any CPU.Build.0 = Debug|Any CPU
		{A96C353E-FF45-4189-9205-DF171665AD7B}.Release|Any CPU.ActiveCfg = Release|Any CPU
		{A96C353E-FF45-4189-9205-DF171665AD7B}.Release|Any CPU.Build.0 = Release|Any CPU
	EndGlobalSection
	GlobalSection(SolutionProperties) = preSolution
		HideSolutionNode = FALSE
	EndGlobalSection
	GlobalSection(ExtensibilityGlobals) = postSolution
		SolutionGuid = {6A526384-59D8-48B6-BE29-158B18D7F3D2}
	EndGlobalSection
EndGlobal
